// !$*UTF8*$!
{
	archiveVersion = 1;
	classes = {
	};
	objectVersion = 46;
	objects = {

/* Begin PBXBuildFile section */
		896133571AC6D8160047C9D6 /* Foundation.framework in Frameworks */ = {isa = PBXBuildFile; fileRef = 896133561AC6D8160047C9D6 /* Foundation.framework */; };
		896133591AC6D8160047C9D6 /* CoreGraphics.framework in Frameworks */ = {isa = PBXBuildFile; fileRef = 896133581AC6D8160047C9D6 /* CoreGraphics.framework */; };
		8961335B1AC6D8160047C9D6 /* UIKit.framework in Frameworks */ = {isa = PBXBuildFile; fileRef = 8961335A1AC6D8160047C9D6 /* UIKit.framework */; };
		896133611AC6D8160047C9D6 /* InfoPlist.strings in Resources */ = {isa = PBXBuildFile; fileRef = 8961335F1AC6D8160047C9D6 /* InfoPlist.strings */; };
		896133631AC6D8160047C9D6 /* main.m in Sources */ = {isa = PBXBuildFile; fileRef = 896133621AC6D8160047C9D6 /* main.m */; };
		896133671AC6D8160047C9D6 /* DYAppDelegate.m in Sources */ = {isa = PBXBuildFile; fileRef = 896133661AC6D8160047C9D6 /* DYAppDelegate.m */; };
		8961336A1AC6D8160047C9D6 /* Main.storyboard in Resources */ = {isa = PBXBuildFile; fileRef = 896133681AC6D8160047C9D6 /* Main.storyboard */; };
		8961336D1AC6D8160047C9D6 /* DYViewController.m in Sources */ = {isa = PBXBuildFile; fileRef = 8961336C1AC6D8160047C9D6 /* DYViewController.m */; };
		8961336F1AC6D8160047C9D6 /* Images.xcassets in Resources */ = {isa = PBXBuildFile; fileRef = 8961336E1AC6D8160047C9D6 /* Images.xcassets */; };
		896133761AC6D8160047C9D6 /* XCTest.framework in Frameworks */ = {isa = PBXBuildFile; fileRef = 896133751AC6D8160047C9D6 /* XCTest.framework */; };
		896133771AC6D8160047C9D6 /* Foundation.framework in Frameworks */ = {isa = PBXBuildFile; fileRef = 896133561AC6D8160047C9D6 /* Foundation.framework */; };
		896133781AC6D8160047C9D6 /* UIKit.framework in Frameworks */ = {isa = PBXBuildFile; fileRef = 8961335A1AC6D8160047C9D6 /* UIKit.framework */; };
		896133801AC6D8160047C9D6 /* InfoPlist.strings in Resources */ = {isa = PBXBuildFile; fileRef = 8961337E1AC6D8160047C9D6 /* InfoPlist.strings */; };
		896133821AC6D8160047C9D6 /* _4______Tests.m in Sources */ = {isa = PBXBuildFile; fileRef = 896133811AC6D8160047C9D6 /* _4______Tests.m */; };
/* End PBXBuildFile section */

/* Begin PBXContainerItemProxy section */
		896133791AC6D8160047C9D6 /* PBXContainerItemProxy */ = {
			isa = PBXContainerItemProxy;
			containerPortal = 8961334B1AC6D8160047C9D6 /* Project object */;
			proxyType = 1;
			remoteGlobalIDString = 896133521AC6D8160047C9D6;
			remoteInfo = "04.图片查看器";
		};
/* End PBXContainerItemProxy section */

/* Begin PBXFileReference section */
		896133531AC6D8160047C9D6 /* 04.图片查看器.app */ = {isa = PBXFileReference; explicitFileType = wrapper.application; includeInIndex = 0; path = "04.图片查看器.app"; sourceTree = BUILT_PRODUCTS_DIR; };
		896133561AC6D8160047C9D6 /* Foundation.framework */ = {isa = PBXFileReference; lastKnownFileType = wrapper.framework; name = Foundation.framework; path = System/Library/Frameworks/Foundation.framework; sourceTree = SDKROOT; };
		896133581AC6D8160047C9D6 /* CoreGraphics.framework */ = {isa = PBXFileReference; lastKnownFileType = wrapper.framework; name = CoreGraphics.framework; path = System/Library/Frameworks/CoreGraphics.framework; sourceTree = SDKROOT; };
		8961335A1AC6D8160047C9D6 /* UIKit.framework */ = {isa = PBXFileReference; lastKnownFileType = wrapper.framework; name = UIKit.framework; path = System/Library/Frameworks/UIKit.framework; sourceTree = SDKROOT; };
		8961335E1AC6D8160047C9D6 /* 04.图片查看器-Info.plist */ = {isa = PBXFileReference; lastKnownFileType = text.plist.xml; path = "04.图片查看器-Info.plist"; sourceTree = "<group>"; };
		896133601AC6D8160047C9D6 /* en */ = {isa = PBXFileReference; lastKnownFileType = text.plist.strings; name = en; path = en.lproj/InfoPlist.strings; sourceTree = "<group>"; };
		896133621AC6D8160047C9D6 /* main.m */ = {isa = PBXFileReference; lastKnownFileType = sourcecode.c.objc; path = main.m; sourceTree = "<group>"; };
		896133641AC6D8160047C9D6 /* 04.图片查看器-Prefix.pch */ = {isa = PBXFileReference; lastKnownFileType = sourcecode.c.h; path = "04.图片查看器-Prefix.pch"; sourceTree = "<group>"; };
		896133651AC6D8160047C9D6 /* DYAppDelegate.h */ = {isa = PBXFileReference; lastKnownFileType = sourcecode.c.h; path = DYAppDelegate.h; sourceTree = "<group>"; };
		896133661AC6D8160047C9D6 /* DYAppDelegate.m */ = {isa = PBXFileReference; lastKnownFileType = sourcecode.c.objc; path = DYAppDelegate.m; sourceTree = "<group>"; };
		896133691AC6D8160047C9D6 /* Base */ = {isa = PBXFileReference; lastKnownFileType = file.storyboard; name = Base; path = Base.lproj/Main.storyboard; sourceTree = "<group>"; };
		8961336B1AC6D8160047C9D6 /* DYViewController.h */ = {isa = PBXFileReference; lastKnownFileType = sourcecode.c.h; path = DYViewController.h; sourceTree = "<group>"; };
		8961336C1AC6D8160047C9D6 /* DYViewController.m */ = {isa = PBXFileReference; lastKnownFileType = sourcecode.c.objc; path = DYViewController.m; sourceTree = "<group>"; };
		8961336E1AC6D8160047C9D6 /* Images.xcassets */ = {isa = PBXFileReference; lastKnownFileType = folder.assetcatalog; path = Images.xcassets; sourceTree = "<group>"; };
		896133741AC6D8160047C9D6 /* 04.图片查看器Tests.xctest */ = {isa = PBXFileReference; explicitFileType = wrapper.cfbundle; includeInIndex = 0; path = "04.图片查看器Tests.xctest"; sourceTree = BUILT_PRODUCTS_DIR; };
		896133751AC6D8160047C9D6 /* XCTest.framework */ = {isa = PBXFileReference; lastKnownFileType = wrapper.framework; name = XCTest.framework; path = Library/Frameworks/XCTest.framework; sourceTree = DEVELOPER_DIR; };
		8961337D1AC6D8160047C9D6 /* 04.图片查看器Tests-Info.plist */ = {isa = PBXFileReference; lastKnownFileType = text.plist.xml; path = "04.图片查看器Tests-Info.plist"; sourceTree = "<group>"; };
		8961337F1AC6D8160047C9D6 /* en */ = {isa = PBXFileReference; lastKnownFileType = text.plist.strings; name = en; path = en.lproj/InfoPlist.strings; sourceTree = "<group>"; };
		896133811AC6D8160047C9D6 /* _4______Tests.m */ = {isa = PBXFileReference; lastKnownFileType = sourcecode.c.objc; path = "_4______Tests.m"; sourceTree = "<group>"; };
/* End PBXFileReference section */

/* Begin PBXFrameworksBuildPhase section */
		896133501AC6D8160047C9D6 /* Frameworks */ = {
			isa = PBXFrameworksBuildPhase;
			buildActionMask = 2147483647;
			files = (
				896133591AC6D8160047C9D6 /* CoreGraphics.framework in Frameworks */,
				8961335B1AC6D8160047C9D6 /* UIKit.framework in Frameworks */,
				896133571AC6D8160047C9D6 /* Foundation.framework in Frameworks */,
			);
			runOnlyForDeploymentPostprocessing = 0;
		};
		896133711AC6D8160047C9D6 /* Frameworks */ = {
			isa = PBXFrameworksBuildPhase;
			buildActionMask = 2147483647;
			files = (
				896133761AC6D8160047C9D6 /* XCTest.framework in Frameworks */,
				896133781AC6D8160047C9D6 /* UIKit.framework in Frameworks */,
				896133771AC6D8160047C9D6 /* Foundation.framework in Frameworks */,
			);
			runOnlyForDeploymentPostprocessing = 0;
		};
/* End PBXFrameworksBuildPhase section */

/* Begin PBXGroup section */
		8961334A1AC6D8160047C9D6 = {
			isa = PBXGroup;
			children = (
				8961335C1AC6D8160047C9D6 /* 04.图片查看器 */,
				8961337B1AC6D8160047C9D6 /* 04.图片查看器Tests */,
				896133551AC6D8160047C9D6 /* Frameworks */,
				896133541AC6D8160047C9D6 /* Products */,
			);
			sourceTree = "<group>";
		};
		896133541AC6D8160047C9D6 /* Products */ = {
			isa = PBXGroup;
			children = (
				896133531AC6D8160047C9D6 /* 04.图片查看器.app */,
				896133741AC6D8160047C9D6 /* 04.图片查看器Tests.xctest */,
			);
			name = Products;
			sourceTree = "<group>";
		};
		896133551AC6D8160047C9D6 /* Frameworks */ = {
			isa = PBXGroup;
			children = (
				896133561AC6D8160047C9D6 /* Foundation.framework */,
				896133581AC6D8160047C9D6 /* CoreGraphics.framework */,
				8961335A1AC6D8160047C9D6 /* UIKit.framework */,
				896133751AC6D8160047C9D6 /* XCTest.framework */,
			);
			name = Frameworks;
			sourceTree = "<group>";
		};
		8961335C1AC6D8160047C9D6 /* 04.图片查看器 */ = {
			isa = PBXGroup;
			children = (
				896133651AC6D8160047C9D6 /* DYAppDelegate.h */,
				896133661AC6D8160047C9D6 /* DYAppDelegate.m */,
				896133681AC6D8160047C9D6 /* Main.storyboard */,
				8961336B1AC6D8160047C9D6 /* DYViewController.h */,
				8961336C1AC6D8160047C9D6 /* DYViewController.m */,
				8961336E1AC6D8160047C9D6 /* Images.xcassets */,
				8961335D1AC6D8160047C9D6 /* Supporting Files */,
			);
			path = "04.图片查看器";
			sourceTree = "<group>";
		};
		8961335D1AC6D8160047C9D6 /* Supporting Files */ = {
			isa = PBXGroup;
			children = (
				8961335E1AC6D8160047C9D6 /* 04.图片查看器-Info.plist */,
				8961335F1AC6D8160047C9D6 /* InfoPlist.strings */,
				896133621AC6D8160047C9D6 /* main.m */,
				896133641AC6D8160047C9D6 /* 04.图片查看器-Prefix.pch */,
			);
			name = "Supporting Files";
			sourceTree = "<group>";
		};
		8961337B1AC6D8160047C9D6 /* 04.图片查看器Tests */ = {
			isa = PBXGroup;
			children = (
				896133811AC6D8160047C9D6 /* _4______Tests.m */,
				8961337C1AC6D8160047C9D6 /* Supporting Files */,
			);
			path = "04.图片查看器Tests";
			sourceTree = "<group>";
		};
		8961337C1AC6D8160047C9D6 /* Supporting Files */ = {
			isa = PBXGroup;
			children = (
				8961337D1AC6D8160047C9D6 /* 04.图片查看器Tests-Info.plist */,
				8961337E1AC6D8160047C9D6 /* InfoPlist.strings */,
			);
			name = "Supporting Files";
			sourceTree = "<group>";
		};
/* End PBXGroup section */

/* Begin PBXNativeTarget section */
		896133521AC6D8160047C9D6 /* 04.图片查看器 */ = {
			isa = PBXNativeTarget;
			buildConfigurationList = 896133851AC6D8160047C9D6 /* Build configuration list for PBXNativeTarget "04.图片查看器" */;
			buildPhases = (
				8961334F1AC6D8160047C9D6 /* Sources */,
				896133501AC6D8160047C9D6 /* Frameworks */,
				896133511AC6D8160047C9D6 /* Resources */,
			);
			buildRules = (
			);
			dependencies = (
			);
			name = "04.图片查看器";
			productName = "04.图片查看器";
			productReference = 896133531AC6D8160047C9D6 /* 04.图片查看器.app */;
			productType = "com.apple.product-type.application";
		};
		896133731AC6D8160047C9D6 /* 04.图片查看器Tests */ = {
			isa = PBXNativeTarget;
			buildConfigurationList = 896133881AC6D8160047C9D6 /* Build configuration list for PBXNativeTarget "04.图片查看器Tests" */;
			buildPhases = (
				896133701AC6D8160047C9D6 /* Sources */,
				896133711AC6D8160047C9D6 /* Frameworks */,
				896133721AC6D8160047C9D6 /* Resources */,
			);
			buildRules = (
			);
			dependencies = (
				8961337A1AC6D8160047C9D6 /* PBXTargetDependency */,
			);
			name = "04.图片查看器Tests";
			productName = "04.图片查看器Tests";
			productReference = 896133741AC6D8160047C9D6 /* 04.图片查看器Tests.xctest */;
			productType = "com.apple.product-type.bundle.unit-test";
		};
/* End PBXNativeTarget section */

/* Begin PBXProject section */
		8961334B1AC6D8160047C9D6 /* Project object */ = {
			isa = PBXProject;
			attributes = {
				CLASSPREFIX = DY;
				LastUpgradeCheck = 0510;
				ORGANIZATIONNAME = YOU;
				TargetAttributes = {
					896133731AC6D8160047C9D6 = {
						TestTargetID = 896133521AC6D8160047C9D6;
					};
				};
			};
			buildConfigurationList = 8961334E1AC6D8160047C9D6 /* Build configuration list for PBXProject "04.图片查看器" */;
			compatibilityVersion = "Xcode 3.2";
			developmentRegion = English;
			hasScannedForEncodings = 0;
			knownRegions = (
				en,
				Base,
			);
			mainGroup = 8961334A1AC6D8160047C9D6;
			productRefGroup = 896133541AC6D8160047C9D6 /* Products */;
			projectDirPath = "";
			projectRoot = "";
			targets = (
				896133521AC6D8160047C9D6 /* 04.图片查看器 */,
				896133731AC6D8160047C9D6 /* 04.图片查看器Tests */,
			);
		};
/* End PBXProject section */

/* Begin PBXResourcesBuildPhase section */
		896133511AC6D8160047C9D6 /* Resources */ = {
			isa = PBXResourcesBuildPhase;
			buildActionMask = 2147483647;
			files = (
				8961336F1AC6D8160047C9D6 /* Images.xcassets in Resources */,
				896133611AC6D8160047C9D6 /* InfoPlist.strings in Resources */,
				8961336A1AC6D8160047C9D6 /* Main.storyboard in Resources */,
			);
			runOnlyForDeploymentPostprocessing = 0;
		};
		896133721AC6D8160047C9D6 /* Resources */ = {
			isa = PBXResourcesBuildPhase;
			buildActionMask = 2147483647;
			files = (
				896133801AC6D8160047C9D6 /* InfoPlist.strings in Resources */,
			);
			runOnlyForDeploymentPostprocessing = 0;
		};
/* End PBXResourcesBuildPhase section */

/* Begin PBXSourcesBuildPhase section */
		8961334F1AC6D8160047C9D6 /* Sources */ = {
			isa = PBXSourcesBuildPhase;
			buildActionMask = 2147483647;
			files = (
				896133631AC6D8160047C9D6 /* main.m in Sources */,
				8961336D1AC6D8160047C9D6 /* DYViewController.m in Sources */,
				896133671AC6D8160047C9D6 /* DYAppDelegate.m in Sources */,
			);
			runOnlyForDeploymentPostprocessing = 0;
		};
		896133701AC6D8160047C9D6 /* Sources */ = {
			isa = PBXSourcesBuildPhase;
			buildActionMask = 2147483647;
			files = (
				896133821AC6D8160047C9D6 /* _4______Tests.m in Sources */,
			);
			runOnlyForDeploymentPostprocessing = 0;
		};
/* End PBXSourcesBuildPhase section */

/* Begin PBXTargetDependency section */
		8961337A1AC6D8160047C9D6 /* PBXTargetDependency */ = {
			isa = PBXTargetDependency;
			target = 896133521AC6D8160047C9D6 /* 04.图片查看器 */;
			targetProxy = 896133791AC6D8160047C9D6 /* PBXContainerItemProxy */;
		};
/* End PBXTargetDependency section */

/* Begin PBXVariantGroup section */
		8961335F1AC6D8160047C9D6 /* InfoPlist.strings */ = {
			isa = PBXVariantGroup;
			children = (
				896133601AC6D8160047C9D6 /* en */,
			);
			name = InfoPlist.strings;
			sourceTree = "<group>";
		};
		896133681AC6D8160047C9D6 /* Main.storyboard */ = {
			isa = PBXVariantGroup;
			children = (
				896133691AC6D8160047C9D6 /* Base */,
			);
			name = Main.storyboard;
			sourceTree = "<group>";
		};
		8961337E1AC6D8160047C9D6 /* InfoPlist.strings */ = {
			isa = PBXVariantGroup;
			children = (
				8961337F1AC6D8160047C9D6 /* en */,
			);
			name = InfoPlist.strings;
			sourceTree = "<group>";
		};
/* End PBXVariantGroup section */

/* Begin XCBuildConfiguration section */
		896133831AC6D8160047C9D6 /* Debug */ = {
			isa = XCBuildConfiguration;
			buildSettings = {
				ALWAYS_SEARCH_USER_PATHS = NO;
				CLANG_CXX_LANGUAGE_STANDARD = "gnu++0x";
				CLANG_CXX_LIBRARY = "libc++";
				CLANG_ENABLE_MODULES = YES;
				CLANG_ENABLE_OBJC_ARC = YES;
				CLANG_WARN_BOOL_CONVERSION = YES;
				CLANG_WARN_CONSTANT_CONVERSION = YES;
				CLANG_WARN_DIRECT_OBJC_ISA_USAGE = YES_ERROR;
				CLANG_WARN_EMPTY_BODY = YES;
				CLANG_WARN_ENUM_CONVERSION = YES;
				CLANG_WARN_INT_CONVERSION = YES;
				CLANG_WARN_OBJC_ROOT_CLASS = YES_ERROR;
				CLANG_WARN__DUPLICATE_METHOD_MATCH = YES;
				"CODE_SIGN_IDENTITY[sdk=iphoneos*]" = "iPhone Developer";
				COPY_PHASE_STRIP = NO;
				GCC_C_LANGUAGE_STANDARD = gnu99;
				GCC_DYNAMIC_NO_PIC = NO;
				GCC_OPTIMIZATION_LEVEL = 0;
				GCC_PREPROCESSOR_DEFINITIONS = (
					"DEBUG=1",
					"$(inherited)",
				);
				GCC_SYMBOLS_PRIVATE_EXTERN = NO;
				GCC_WARN_64_TO_32_BIT_CONVERSION = YES;
				GCC_WARN_ABOUT_RETURN_TYPE = YES_ERROR;
				GCC_WARN_UNDECLARED_SELECTOR = YES;
				GCC_WARN_UNINITIALIZED_AUTOS = YES_AGGRESSIVE;
				GCC_WARN_UNUSED_FUNCTION = YES;
				GCC_WARN_UNUSED_VARIABLE = YES;
				IPHONEOS_DEPLOYMENT_TARGET = 7.1;
				ONLY_ACTIVE_ARCH = YES;
				SDKROOT = iphoneos;
			};
			name = Debug;
		};
		896133841AC6D8160047C9D6 /* Release */ = {
			isa = XCBuildConfiguration;
			buildSettings = {
				ALWAYS_SEARCH_USER_PATHS = NO;
				CLANG_CXX_LANGUAGE_STANDARD = "gnu++0x";
				CLANG_CXX_LIBRARY = "libc++";
				CLANG_ENABLE_MODULES = YES;
				CLANG_ENABLE_OBJC_ARC = YES;
				CLANG_WARN_BOOL_CONVERSION = YES;
				CLANG_WARN_CONSTANT_CONVERSION = YES;
				CLANG_WARN_DIRECT_OBJC_ISA_USAGE = YES_ERROR;
				CLANG_WARN_EMPTY_BODY = YES;
				CLANG_WARN_ENUM_CONVERSION = YES;
				CLANG_WARN_INT_CONVERSION = YES;
				CLANG_WARN_OBJC_ROOT_CLASS = YES_ERROR;
				CLANG_WARN__DUPLICATE_METHOD_MATCH = YES;
				"CODE_SIGN_IDENTITY[sdk=iphoneos*]" = "iPhone Developer";
				COPY_PHASE_STRIP = YES;
				ENABLE_NS_ASSERTIONS = NO;
				GCC_C_LANGUAGE_STANDARD = gnu99;
				GCC_WARN_64_TO_32_BIT_CONVERSION = YES;
				GCC_WARN_ABOUT_RETURN_TYPE = YES_ERROR;
				GCC_WARN_UNDECLARED_SELECTOR = YES;
				GCC_WARN_UNINITIALIZED_AUTOS = YES_AGGRESSIVE;
				GCC_WARN_UNUSED_FUNCTION = YES;
				GCC_WARN_UNUSED_VARIABLE = YES;
				IPHONEOS_DEPLOYMENT_TARGET = 7.1;
				SDKROOT = iphoneos;
				VALIDATE_PRODUCT = YES;
			};
			name = Release;
		};
		896133861AC6D8160047C9D6 /* Debug */ = {
			isa = XCBuildConfiguration;
			buildSettings = {
				ASSETCATALOG_COMPILER_APPICON_NAME = AppIcon;
				ASSETCATALOG_COMPILER_LAUNCHIMAGE_NAME = LaunchImage;
				GCC_PRECOMPILE_PREFIX_HEADER = YES;
				GCC_PREFIX_HEADER = "04.图片查看器/04.图片查看器-Prefix.pch";
				INFOPLIST_FILE = "04.图片查看器/04.图片查看器-Info.plist";
				PRODUCT_NAME = "$(TARGET_NAME)";
				WRAPPER_EXTENSION = app;
			};
			name = Debug;
		};
		896133871AC6D8160047C9D6 /* Release */ = {
			isa = XCBuildConfiguration;
			buildSettings = {
				ASSETCATALOG_COMPILER_APPICON_NAME = AppIcon;
				ASSETCATALOG_COMPILER_LAUNCHIMAGE_NAME = LaunchImage;
				GCC_PRECOMPILE_PREFIX_HEADER = YES;
				GCC_PREFIX_HEADER = "04.图片查看器/04.图片查看器-Prefix.pch";
				INFOPLIST_FILE = "04.图片查看器/04.图片查看器-Info.plist";
				PRODUCT_NAME = "$(TARGET_NAME)";
				WRAPPER_EXTENSION = app;
			};
			name = Release;
		};
		896133891AC6D8160047C9D6 /* Debug */ = {
			isa = XCBuildConfiguration;
			buildSettings = {
				BUNDLE_LOADER = "$(BUILT_PRODUCTS_DIR)/04.图片查看器.app/04.图片查看器";
				FRAMEWORK_SEARCH_PATHS = (
					"$(SDKROOT)/Developer/Library/Frameworks",
					"$(inherited)",
					"$(DEVELOPER_FRAMEWORKS_DIR)",
				);
				GCC_PRECOMPILE_PREFIX_HEADER = YES;
				GCC_PREFIX_HEADER = "04.图片查看器/04.图片查看器-Prefix.pch";
				GCC_PREPROCESSOR_DEFINITIONS = (
					"DEBUG=1",
					"$(inherited)",
				);
				INFOPLIST_FILE = "04.图片查看器Tests/04.图片查看器Tests-Info.plist";
				PRODUCT_NAME = "$(TARGET_NAME)";
				TEST_HOST = "$(BUNDLE_LOADER)";
				WRAPPER_EXTENSION = xctest;
			};
			name = Debug;
		};
		8961338A1AC6D8160047C9D6 /* Release */ = {
			isa = XCBuildConfiguration;
			buildSettings = {
				BUNDLE_LOADER = "$(BUILT_PRODUCTS_DIR)/04.图片查看器.app/04.图片查看器";
				FRAMEWORK_SEARCH_PATHS = (
					"$(SDKROOT)/Developer/Library/Frameworks",
					"$(inherited)",
					"$(DEVELOPER_FRAMEWORKS_DIR)",
				);
				GCC_PRECOMPILE_PREFIX_HEADER = YES;
				GCC_PREFIX_HEADER = "04.图片查看器/04.图片查看器-Prefix.pch";
				INFOPLIST_FILE = "04.图片查看器Tests/04.图片查看器Tests-Info.plist";
				PRODUCT_NAME = "$(TARGET_NAME)";
				TEST_HOST = "$(BUNDLE_LOADER)";
				WRAPPER_EXTENSION = xctest;
			};
			name = Release;
		};
/* End XCBuildConfiguration section */

/* Begin XCConfigurationList section */
		8961334E1AC6D8160047C9D6 /* Build configuration list for PBXProject "04.图片查看器" */ = {
			isa = XCConfigurationList;
			buildConfigurations = (
				896133831AC6D8160047C9D6 /* Debug */,
				896133841AC6D8160047C9D6 /* Release */,
			);
			defaultConfigurationIsVisible = 0;
			defaultConfigurationName = Release;
		};
		896133851AC6D8160047C9D6 /* Build configuration list for PBXNativeTarget "04.图片查看器" */ = {
			isa = XCConfigurationList;
			buildConfigurations = (
				896133861AC6D8160047C9D6 /* Debug */,
				896133871AC6D8160047C9D6 /* Release */,
			);
			defaultConfigurationIsVisible = 0;
		};
		896133881AC6D8160047C9D6 /* Build configuration list for PBXNativeTarget "04.图片查看器Tests" */ = {
			isa = XCConfigurationList;
			buildConfigurations = (
				896133891AC6D8160047C9D6 /* Debug */,
				8961338A1AC6D8160047C9D6 /* Release */,
			);
			defaultConfigurationIsVisible = 0;
		};
/* End XCConfigurationList section */
	};
	rootObject = 8961334B1AC6D8160047C9D6 /* Project object */;
}
